// !$*UTF8*$!
{
	archiveVersion = 1;
	classes = {
	};
	objectVersion = 56;
	objects = {

/* Begin PBXBuildFile section */
		0A191D3329FEFCB50011A439 /* VideoPlayerView.swift in Sources */ = {isa = PBXBuildFile; fileRef = 0A191D3229FEFCB50011A439 /* VideoPlayerView.swift */; };
		0A191D3929FF08750011A439 /* VideoStore.swift in Sources */ = {isa = PBXBuildFile; fileRef = 0A191D3829FF08750011A439 /* VideoStore.swift */; };
		0A191D3B29FF08C10011A439 /* Video.swift in Sources */ = {isa = PBXBuildFile; fileRef = 0A191D3A29FF08C10011A439 /* Video.swift */; };
		0A191D3D29FF25B50011A439 /* Effect.swift in Sources */ = {isa = PBXBuildFile; fileRef = 0A191D3C29FF25B50011A439 /* Effect.swift */; };
		0A191D3F29FF2B230011A439 /* VideoStore+Player.swift in Sources */ = {isa = PBXBuildFile; fileRef = 0A191D3E29FF2B230011A439 /* VideoStore+Player.swift */; };
		0A191D4129FF2D370011A439 /* VideoStore+Effects.swift in Sources */ = {isa = PBXBuildFile; fileRef = 0A191D4029FF2D370011A439 /* VideoStore+Effects.swift */; };
		0A3B463D2A0086910066F462 /* EffectCell.swift in Sources */ = {isa = PBXBuildFile; fileRef = 0A3B463C2A0086910066F462 /* EffectCell.swift */; };
		0A3B463F2A00914C0066F462 /* VideoStore+TimeObserver.swift in Sources */ = {isa = PBXBuildFile; fileRef = 0A3B463E2A00914C0066F462 /* VideoStore+TimeObserver.swift */; };
		0A48554129A6949800BA1614 /* ContentView.swift in Sources */ = {isa = PBXBuildFile; fileRef = 0A48554029A6949800BA1614 /* ContentView.swift */; };
		0A5C06112A03590B001525D0 /* AVKit.framework in Frameworks */ = {isa = PBXBuildFile; fileRef = 0A5C06102A03590B001525D0 /* AVKit.framework */; };
		0A7FBC552A031F80008DFFAC /* VideoStore+Video.swift in Sources */ = {isa = PBXBuildFile; fileRef = 0A7FBC542A031F80008DFFAC /* VideoStore+Video.swift */; };
		0A7FBC572A03201F008DFFAC /* Frame.swift in Sources */ = {isa = PBXBuildFile; fileRef = 0A7FBC562A03201F008DFFAC /* Frame.swift */; };
		0A7FBC592A0321A3008DFFAC /* ProcessingView.swift in Sources */ = {isa = PBXBuildFile; fileRef = 0A7FBC582A0321A3008DFFAC /* ProcessingView.swift */; };
		0A7FBC5B2A0325E2008DFFAC /* VideoStore+StableDiffusion.swift in Sources */ = {isa = PBXBuildFile; fileRef = 0A7FBC5A2A0325E2008DFFAC /* VideoStore+StableDiffusion.swift */; };
		0A7FBC5D2A034664008DFFAC /* VideoStore+Export.swift in Sources */ = {isa = PBXBuildFile; fileRef = 0A7FBC5C2A034664008DFFAC /* VideoStore+Export.swift */; };
		0A8014522A01ECA3001BEB1B /* NewEffectView.swift in Sources */ = {isa = PBXBuildFile; fileRef = 0A8014512A01ECA3001BEB1B /* NewEffectView.swift */; };
		0AAC1D6629CCBD53009C1402 /* StableDiffusion in Frameworks */ = {isa = PBXBuildFile; productRef = 0AAC1D6529CCBD53009C1402 /* StableDiffusion */; };
		0AB1859829A6873200BCC57C /* PokoraApp.swift in Sources */ = {isa = PBXBuildFile; fileRef = 0AB1859729A6873200BCC57C /* PokoraApp.swift */; };
		0AB1859C29A6873300BCC57C /* Assets.xcassets in Resources */ = {isa = PBXBuildFile; fileRef = 0AB1859B29A6873300BCC57C /* Assets.xcassets */; };
		0AB1859F29A6873300BCC57C /* Preview Assets.xcassets in Resources */ = {isa = PBXBuildFile; fileRef = 0AB1859E29A6873300BCC57C /* Preview Assets.xcassets */; };
/* End PBXBuildFile section */

/* Begin PBXFileReference section */
		0A191D3229FEFCB50011A439 /* VideoPlayerView.swift */ = {isa = PBXFileReference; lastKnownFileType = sourcecode.swift; path = VideoPlayerView.swift; sourceTree = "<group>"; };
		0A191D3829FF08750011A439 /* VideoStore.swift */ = {isa = PBXFileReference; fileEncoding = 4; lastKnownFileType = sourcecode.swift; path = VideoStore.swift; sourceTree = "<group>"; };
		0A191D3A29FF08C10011A439 /* Video.swift */ = {isa = PBXFileReference; fileEncoding = 4; lastKnownFileType = sourcecode.swift; path = Video.swift; sourceTree = "<group>"; };
		0A191D3C29FF25B50011A439 /* Effect.swift */ = {isa = PBXFileReference; lastKnownFileType = sourcecode.swift; path = Effect.swift; sourceTree = "<group>"; };
		0A191D3E29FF2B230011A439 /* VideoStore+Player.swift */ = {isa = PBXFileReference; lastKnownFileType = sourcecode.swift; path = "VideoStore+Player.swift"; sourceTree = "<group>"; };
		0A191D4029FF2D370011A439 /* VideoStore+Effects.swift */ = {isa = PBXFileReference; lastKnownFileType = sourcecode.swift; path = "VideoStore+Effects.swift"; sourceTree = "<group>"; };
		0A3B463C2A0086910066F462 /* EffectCell.swift */ = {isa = PBXFileReference; lastKnownFileType = sourcecode.swift; path = EffectCell.swift; sourceTree = "<group>"; };
		0A3B463E2A00914C0066F462 /* VideoStore+TimeObserver.swift */ = {isa = PBXFileReference; lastKnownFileType = sourcecode.swift; path = "VideoStore+TimeObserver.swift"; sourceTree = "<group>"; };
		0A48554029A6949800BA1614 /* ContentView.swift */ = {isa = PBXFileReference; fileEncoding = 4; lastKnownFileType = sourcecode.swift; path = ContentView.swift; sourceTree = "<group>"; };
		0A5C06102A03590B001525D0 /* AVKit.framework */ = {isa = PBXFileReference; lastKnownFileType = wrapper.framework; name = AVKit.framework; path = System/Library/Frameworks/AVKit.framework; sourceTree = SDKROOT; };
		0A7FBC542A031F80008DFFAC /* VideoStore+Video.swift */ = {isa = PBXFileReference; lastKnownFileType = sourcecode.swift; path = "VideoStore+Video.swift"; sourceTree = "<group>"; };
		0A7FBC562A03201F008DFFAC /* Frame.swift */ = {isa = PBXFileReference; lastKnownFileType = sourcecode.swift; path = Frame.swift; sourceTree = "<group>"; };
		0A7FBC582A0321A3008DFFAC /* ProcessingView.swift */ = {isa = PBXFileReference; lastKnownFileType = sourcecode.swift; path = ProcessingView.swift; sourceTree = "<group>"; };
		0A7FBC5A2A0325E2008DFFAC /* VideoStore+StableDiffusion.swift */ = {isa = PBXFileReference; lastKnownFileType = sourcecode.swift; path = "VideoStore+StableDiffusion.swift"; sourceTree = "<group>"; };
		0A7FBC5C2A034664008DFFAC /* VideoStore+Export.swift */ = {isa = PBXFileReference; lastKnownFileType = sourcecode.swift; path = "VideoStore+Export.swift"; sourceTree = "<group>"; };
		0A8014512A01ECA3001BEB1B /* NewEffectView.swift */ = {isa = PBXFileReference; lastKnownFileType = sourcecode.swift; path = NewEffectView.swift; sourceTree = "<group>"; };
		0AB1859429A6873200BCC57C /* Pokora.app */ = {isa = PBXFileReference; explicitFileType = wrapper.application; includeInIndex = 0; path = Pokora.app; sourceTree = BUILT_PRODUCTS_DIR; };
		0AB1859729A6873200BCC57C /* PokoraApp.swift */ = {isa = PBXFileReference; lastKnownFileType = sourcecode.swift; path = PokoraApp.swift; sourceTree = "<group>"; };
		0AB1859B29A6873300BCC57C /* Assets.xcassets */ = {isa = PBXFileReference; lastKnownFileType = folder.assetcatalog; path = Assets.xcassets; sourceTree = "<group>"; };
		0AB1859E29A6873300BCC57C /* Preview Assets.xcassets */ = {isa = PBXFileReference; lastKnownFileType = folder.assetcatalog; path = "Preview Assets.xcassets"; sourceTree = "<group>"; };
		0AB185A029A6873300BCC57C /* Pokora.entitlements */ = {isa = PBXFileReference; lastKnownFileType = text.plist.entitlements; path = Pokora.entitlements; sourceTree = "<group>"; };
/* End PBXFileReference section */

/* Begin PBXFrameworksBuildPhase section */
		0AB1859129A6873200BCC57C /* Frameworks */ = {
			isa = PBXFrameworksBuildPhase;
			buildActionMask = 2147483647;
			files = (
				0A5C06112A03590B001525D0 /* AVKit.framework in Frameworks */,
				0AAC1D6629CCBD53009C1402 /* StableDiffusion in Frameworks */,
			);
			runOnlyForDeploymentPostprocessing = 0;
		};
/* End PBXFrameworksBuildPhase section */

/* Begin PBXGroup section */
		0A48553F29A6949800BA1614 /* Navigation */ = {
			isa = PBXGroup;
			children = (
				0A48554029A6949800BA1614 /* ContentView.swift */,
				0A191D3229FEFCB50011A439 /* VideoPlayerView.swift */,
				0A3B463C2A0086910066F462 /* EffectCell.swift */,
				0A8014512A01ECA3001BEB1B /* NewEffectView.swift */,
				0A7FBC582A0321A3008DFFAC /* ProcessingView.swift */,
			);
			path = Navigation;
			sourceTree = "<group>";
		};
		0A5C060F2A03590B001525D0 /* Frameworks */ = {
			isa = PBXGroup;
			children = (
				0A5C06102A03590B001525D0 /* AVKit.framework */,
			);
			name = Frameworks;
			sourceTree = "<group>";
		};
		0AB1858B29A6873200BCC57C = {
			isa = PBXGroup;
			children = (
				0AB1859629A6873200BCC57C /* Pokora */,
				0AB1859529A6873200BCC57C /* Products */,
				0A5C060F2A03590B001525D0 /* Frameworks */,
			);
			sourceTree = "<group>";
		};
		0AB1859529A6873200BCC57C /* Products */ = {
			isa = PBXGroup;
			children = (
				0AB1859429A6873200BCC57C /* Pokora.app */,
			);
			name = Products;
			sourceTree = "<group>";
		};
		0AB1859629A6873200BCC57C /* Pokora */ = {
			isa = PBXGroup;
			children = (
				0A48553F29A6949800BA1614 /* Navigation */,
				0AB185A629A68BDC00BCC57C /* Model */,
				0AB1859729A6873200BCC57C /* PokoraApp.swift */,
				0AB1859B29A6873300BCC57C /* Assets.xcassets */,
				0AB185A029A6873300BCC57C /* Pokora.entitlements */,
				0AB1859D29A6873300BCC57C /* Preview Content */,
			);
			path = Pokora;
			sourceTree = "<group>";
		};
		0AB1859D29A6873300BCC57C /* Preview Content */ = {
			isa = PBXGroup;
			children = (
				0AB1859E29A6873300BCC57C /* Preview Assets.xcassets */,
			);
			path = "Preview Content";
			sourceTree = "<group>";
		};
		0AB185A629A68BDC00BCC57C /* Model */ = {
			isa = PBXGroup;
			children = (
				0A191D3C29FF25B50011A439 /* Effect.swift */,
				0A191D3A29FF08C10011A439 /* Video.swift */,
				0A7FBC562A03201F008DFFAC /* Frame.swift */,
				0A191D3829FF08750011A439 /* VideoStore.swift */,
				0A191D3E29FF2B230011A439 /* VideoStore+Player.swift */,
				0A191D4029FF2D370011A439 /* VideoStore+Effects.swift */,
				0A3B463E2A00914C0066F462 /* VideoStore+TimeObserver.swift */,
				0A7FBC542A031F80008DFFAC /* VideoStore+Video.swift */,
				0A7FBC5A2A0325E2008DFFAC /* VideoStore+StableDiffusion.swift */,
				0A7FBC5C2A034664008DFFAC /* VideoStore+Export.swift */,
			);
			path = Model;
			sourceTree = "<group>";
		};
/* End PBXGroup section */

/* Begin PBXNativeTarget section */
		0AB1859329A6873200BCC57C /* Pokora */ = {
			isa = PBXNativeTarget;
			buildConfigurationList = 0AB185A329A6873300BCC57C /* Build configuration list for PBXNativeTarget "Pokora" */;
			buildPhases = (
				0AB1859029A6873200BCC57C /* Sources */,
				0AB1859129A6873200BCC57C /* Frameworks */,
				0AB1859229A6873200BCC57C /* Resources */,
			);
			buildRules = (
			);
			dependencies = (
			);
			name = Pokora;
			packageProductDependencies = (
				0AAC1D6529CCBD53009C1402 /* StableDiffusion */,
			);
			productName = Pokora;
			productReference = 0AB1859429A6873200BCC57C /* Pokora.app */;
			productType = "com.apple.product-type.application";
		};
/* End PBXNativeTarget section */

/* Begin PBXProject section */
		0AB1858C29A6873200BCC57C /* Project object */ = {
			isa = PBXProject;
			attributes = {
				BuildIndependentTargetsInParallel = 1;
				LastSwiftUpdateCheck = 1420;
				LastUpgradeCheck = 1420;
				TargetAttributes = {
					0AB1859329A6873200BCC57C = {
						CreatedOnToolsVersion = 14.2;
					};
				};
			};
			buildConfigurationList = 0AB1858F29A6873200BCC57C /* Build configuration list for PBXProject "Pokora" */;
			compatibilityVersion = "Xcode 14.0";
			developmentRegion = en;
			hasScannedForEncodings = 0;
			knownRegions = (
				en,
				Base,
			);
			mainGroup = 0AB1858B29A6873200BCC57C;
			packageReferences = (
				0AAC1D6429CCBD53009C1402 /* XCRemoteSwiftPackageReference "ml-stable-diffusion" */,
			);
			productRefGroup = 0AB1859529A6873200BCC57C /* Products */;
			projectDirPath = "";
			projectRoot = "";
			targets = (
				0AB1859329A6873200BCC57C /* Pokora */,
			);
		};
/* End PBXProject section */

/* Begin PBXResourcesBuildPhase section */
		0AB1859229A6873200BCC57C /* Resources */ = {
			isa = PBXResourcesBuildPhase;
			buildActionMask = 2147483647;
			files = (
				0AB1859F29A6873300BCC57C /* Preview Assets.xcassets in Resources */,
				0AB1859C29A6873300BCC57C /* Assets.xcassets in Resources */,
			);
			runOnlyForDeploymentPostprocessing = 0;
		};
/* End PBXResourcesBuildPhase section */

/* Begin PBXSourcesBuildPhase section */
		0AB1859029A6873200BCC57C /* Sources */ = {
			isa = PBXSourcesBuildPhase;
			buildActionMask = 2147483647;
			files = (
				0A191D3929FF08750011A439 /* VideoStore.swift in Sources */,
				0A191D3D29FF25B50011A439 /* Effect.swift in Sources */,
				0A191D4129FF2D370011A439 /* VideoStore+Effects.swift in Sources */,
				0A7FBC5D2A034664008DFFAC /* VideoStore+Export.swift in Sources */,
				0A8014522A01ECA3001BEB1B /* NewEffectView.swift in Sources */,
				0A3B463D2A0086910066F462 /* EffectCell.swift in Sources */,
				0A191D3B29FF08C10011A439 /* Video.swift in Sources */,
				0A48554129A6949800BA1614 /* ContentView.swift in Sources */,
				0A7FBC552A031F80008DFFAC /* VideoStore+Video.swift in Sources */,
				0A7FBC5B2A0325E2008DFFAC /* VideoStore+StableDiffusion.swift in Sources */,
				0AB1859829A6873200BCC57C /* PokoraApp.swift in Sources */,
				0A191D3F29FF2B230011A439 /* VideoStore+Player.swift in Sources */,
				0A3B463F2A00914C0066F462 /* VideoStore+TimeObserver.swift in Sources */,
				0A7FBC592A0321A3008DFFAC /* ProcessingView.swift in Sources */,
				0A191D3329FEFCB50011A439 /* VideoPlayerView.swift in Sources */,
				0A7FBC572A03201F008DFFAC /* Frame.swift in Sources */,
			);
			runOnlyForDeploymentPostprocessing = 0;
		};
/* End PBXSourcesBuildPhase section */

/* Begin XCBuildConfiguration section */
		0AB185A129A6873300BCC57C /* Debug */ = {
			isa = XCBuildConfiguration;
			buildSettings = {
				ALWAYS_SEARCH_USER_PATHS = NO;
				CLANG_ANALYZER_NONNULL = YES;
				CLANG_ANALYZER_NUMBER_OBJECT_CONVERSION = YES_AGGRESSIVE;
				CLANG_CXX_LANGUAGE_STANDARD = "gnu++20";
				CLANG_ENABLE_MODULES = YES;
				CLANG_ENABLE_OBJC_ARC = YES;
				CLANG_ENABLE_OBJC_WEAK = YES;
				CLANG_WARN_BLOCK_CAPTURE_AUTORELEASING = YES;
				CLANG_WARN_BOOL_CONVERSION = YES;
				CLANG_WARN_COMMA = YES;
				CLANG_WARN_CONSTANT_CONVERSION = YES;
				CLANG_WARN_DEPRECATED_OBJC_IMPLEMENTATIONS = YES;
				CLANG_WARN_DIRECT_OBJC_ISA_USAGE = YES_ERROR;
				CLANG_WARN_DOCUMENTATION_COMMENTS = YES;
				CLANG_WARN_EMPTY_BODY = YES;
				CLANG_WARN_ENUM_CONVERSION = YES;
				CLANG_WARN_INFINITE_RECURSION = YES;
				CLANG_WARN_INT_CONVERSION = YES;
				CLANG_WARN_NON_LITERAL_NULL_CONVERSION = YES;
				CLANG_WARN_OBJC_IMPLICIT_RETAIN_SELF = YES;
				CLANG_WARN_OBJC_LITERAL_CONVERSION = YES;
				CLANG_WARN_OBJC_ROOT_CLASS = YES_ERROR;
				CLANG_WARN_QUOTED_INCLUDE_IN_FRAMEWORK_HEADER = YES;
				CLANG_WARN_RANGE_LOOP_ANALYSIS = YES;
				CLANG_WARN_STRICT_PROTOTYPES = YES;
				CLANG_WARN_SUSPICIOUS_MOVE = YES;
				CLANG_WARN_UNGUARDED_AVAILABILITY = YES_AGGRESSIVE;
				CLANG_WARN_UNREACHABLE_CODE = YES;
				CLANG_WARN__DUPLICATE_METHOD_MATCH = YES;
				COPY_PHASE_STRIP = NO;
				DEBUG_INFORMATION_FORMAT = dwarf;
				ENABLE_STRICT_OBJC_MSGSEND = YES;
				ENABLE_TESTABILITY = YES;
				GCC_C_LANGUAGE_STANDARD = gnu11;
				GCC_DYNAMIC_NO_PIC = NO;
				GCC_NO_COMMON_BLOCKS = YES;
				GCC_OPTIMIZATION_LEVEL = 0;
				GCC_PREPROCESSOR_DEFINITIONS = (
					"DEBUG=1",
					"$(inherited)",
				);
				GCC_WARN_64_TO_32_BIT_CONVERSION = YES;
				GCC_WARN_ABOUT_RETURN_TYPE = YES_ERROR;
				GCC_WARN_UNDECLARED_SELECTOR = YES;
				GCC_WARN_UNINITIALIZED_AUTOS = YES_AGGRESSIVE;
				GCC_WARN_UNUSED_FUNCTION = YES;
				GCC_WARN_UNUSED_VARIABLE = YES;
				MACOSX_DEPLOYMENT_TARGET = 13.1;
				MTL_ENABLE_DEBUG_INFO = INCLUDE_SOURCE;
				MTL_FAST_MATH = YES;
				ONLY_ACTIVE_ARCH = YES;
				SDKROOT = macosx;
				SWIFT_ACTIVE_COMPILATION_CONDITIONS = DEBUG;
				SWIFT_OPTIMIZATION_LEVEL = "-Onone";
			};
			name = Debug;
		};
		0AB185A229A6873300BCC57C /* Release */ = {
			isa = XCBuildConfiguration;
			buildSettings = {
				ALWAYS_SEARCH_USER_PATHS = NO;
				CLANG_ANALYZER_NONNULL = YES;
				CLANG_ANALYZER_NUMBER_OBJECT_CONVERSION = YES_AGGRESSIVE;
				CLANG_CXX_LANGUAGE_STANDARD = "gnu++20";
				CLANG_ENABLE_MODULES = YES;
				CLANG_ENABLE_OBJC_ARC = YES;
				CLANG_ENABLE_OBJC_WEAK = YES;
				CLANG_WARN_BLOCK_CAPTURE_AUTORELEASING = YES;
				CLANG_WARN_BOOL_CONVERSION = YES;
				CLANG_WARN_COMMA = YES;
				CLANG_WARN_CONSTANT_CONVERSION = YES;
				CLANG_WARN_DEPRECATED_OBJC_IMPLEMENTATIONS = YES;
				CLANG_WARN_DIRECT_OBJC_ISA_USAGE = YES_ERROR;
				CLANG_WARN_DOCUMENTATION_COMMENTS = YES;
				CLANG_WARN_EMPTY_BODY = YES;
				CLANG_WARN_ENUM_CONVERSION = YES;
				CLANG_WARN_INFINITE_RECURSION = YES;
				CLANG_WARN_INT_CONVERSION = YES;
				CLANG_WARN_NON_LITERAL_NULL_CONVERSION = YES;
				CLANG_WARN_OBJC_IMPLICIT_RETAIN_SELF = YES;
				CLANG_WARN_OBJC_LITERAL_CONVERSION = YES;
				CLANG_WARN_OBJC_ROOT_CLASS = YES_ERROR;
				CLANG_WARN_QUOTED_INCLUDE_IN_FRAMEWORK_HEADER = YES;
				CLANG_WARN_RANGE_LOOP_ANALYSIS = YES;
				CLANG_WARN_STRICT_PROTOTYPES = YES;
				CLANG_WARN_SUSPICIOUS_MOVE = YES;
				CLANG_WARN_UNGUARDED_AVAILABILITY = YES_AGGRESSIVE;
				CLANG_WARN_UNREACHABLE_CODE = YES;
				CLANG_WARN__DUPLICATE_METHOD_MATCH = YES;
				COPY_PHASE_STRIP = NO;
				DEBUG_INFORMATION_FORMAT = "dwarf-with-dsym";
				ENABLE_NS_ASSERTIONS = NO;
				ENABLE_STRICT_OBJC_MSGSEND = YES;
				GCC_C_LANGUAGE_STANDARD = gnu11;
				GCC_NO_COMMON_BLOCKS = YES;
				GCC_WARN_64_TO_32_BIT_CONVERSION = YES;
				GCC_WARN_ABOUT_RETURN_TYPE = YES_ERROR;
				GCC_WARN_UNDECLARED_SELECTOR = YES;
				GCC_WARN_UNINITIALIZED_AUTOS = YES_AGGRESSIVE;
				GCC_WARN_UNUSED_FUNCTION = YES;
				GCC_WARN_UNUSED_VARIABLE = YES;
				MACOSX_DEPLOYMENT_TARGET = 13.1;
				MTL_ENABLE_DEBUG_INFO = NO;
				MTL_FAST_MATH = YES;
				SDKROOT = macosx;
				SWIFT_COMPILATION_MODE = wholemodule;
				SWIFT_OPTIMIZATION_LEVEL = "-O";
			};
			name = Release;
		};
		0AB185A429A6873300BCC57C /* Debug */ = {
			isa = XCBuildConfiguration;
			buildSettings = {
				ASSETCATALOG_COMPILER_APPICON_NAME = AppIcon;
				ASSETCATALOG_COMPILER_GLOBAL_ACCENT_COLOR_NAME = AccentColor;
				CODE_SIGN_ENTITLEMENTS = Pokora/Pokora.entitlements;
				CODE_SIGN_STYLE = Automatic;
				COMBINE_HIDPI_IMAGES = YES;
				CURRENT_PROJECT_VERSION = 1;
				DEVELOPMENT_ASSET_PATHS = "\"Pokora/Preview Content\"";
				DEVELOPMENT_TEAM = E5UVS9V6KW;
				ENABLE_HARDENED_RUNTIME = YES;
				ENABLE_PREVIEWS = YES;
				GENERATE_INFOPLIST_FILE = YES;
				INFOPLIST_KEY_LSApplicationCategoryType = "public.app-category.video";
				INFOPLIST_KEY_NSHumanReadableCopyright = "";
				LD_RUNPATH_SEARCH_PATHS = (
					"$(inherited)",
					"@executable_path/../Frameworks",
				);
				MARKETING_VERSION = 1.0;
				PRODUCT_BUNDLE_IDENTIFIER = com.saygoodnight.Pokora;
				PRODUCT_NAME = "$(TARGET_NAME)";
				SWIFT_EMIT_LOC_STRINGS = YES;
				SWIFT_VERSION = 5.0;
			};
			name = Debug;
		};
		0AB185A529A6873300BCC57C /* Release */ = {
			isa = XCBuildConfiguration;
			buildSettings = {
				ASSETCATALOG_COMPILER_APPICON_NAME = AppIcon;
				ASSETCATALOG_COMPILER_GLOBAL_ACCENT_COLOR_NAME = AccentColor;
				CODE_SIGN_ENTITLEMENTS = Pokora/Pokora.entitlements;
				CODE_SIGN_STYLE = Automatic;
				COMBINE_HIDPI_IMAGES = YES;
				CURRENT_PROJECT_VERSION = 1;
				DEVELOPMENT_ASSET_PATHS = "\"Pokora/Preview Content\"";
				DEVELOPMENT_TEAM = E5UVS9V6KW;
				ENABLE_HARDENED_RUNTIME = YES;
				ENABLE_PREVIEWS = YES;
				GENERATE_INFOPLIST_FILE = YES;
				INFOPLIST_KEY_LSApplicationCategoryType = "public.app-category.video";
				INFOPLIST_KEY_NSHumanReadableCopyright = "";
				LD_RUNPATH_SEARCH_PATHS = (
					"$(inherited)",
					"@executable_path/../Frameworks",
				);
				MARKETING_VERSION = 1.0;
				PRODUCT_BUNDLE_IDENTIFIER = com.saygoodnight.Pokora;
				PRODUCT_NAME = "$(TARGET_NAME)";
				SWIFT_EMIT_LOC_STRINGS = YES;
				SWIFT_VERSION = 5.0;
			};
			name = Release;
		};
/* End XCBuildConfiguration section */

/* Begin XCConfigurationList section */
		0AB1858F29A6873200BCC57C /* Build configuration list for PBXProject "Pokora" */ = {
			isa = XCConfigurationList;
			buildConfigurations = (
				0AB185A129A6873300BCC57C /* Debug */,
				0AB185A229A6873300BCC57C /* Release */,
			);
			defaultConfigurationIsVisible = 0;
			defaultConfigurationName = Release;
		};
		0AB185A329A6873300BCC57C /* Build configuration list for PBXNativeTarget "Pokora" */ = {
			isa = XCConfigurationList;
			buildConfigurations = (
				0AB185A429A6873300BCC57C /* Debug */,
				0AB185A529A6873300BCC57C /* Release */,
			);
			defaultConfigurationIsVisible = 0;
			defaultConfigurationName = Release;
		};
/* End XCConfigurationList section */

/* Begin XCRemoteSwiftPackageReference section */
		0AAC1D6429CCBD53009C1402 /* XCRemoteSwiftPackageReference "ml-stable-diffusion" */ = {
			isa = XCRemoteSwiftPackageReference;
			repositoryURL = "https://github.com/apple/ml-stable-diffusion";
			requirement = {
				kind = upToNextMajorVersion;
				minimumVersion = 0.3.0;
			};
		};
/* End XCRemoteSwiftPackageReference section */

/* Begin XCSwiftPackageProductDependency section */
		0AAC1D6529CCBD53009C1402 /* StableDiffusion */ = {
			isa = XCSwiftPackageProductDependency;
			package = 0AAC1D6429CCBD53009C1402 /* XCRemoteSwiftPackageReference "ml-stable-diffusion" */;
			productName = StableDiffusion;
		};
/* End XCSwiftPackageProductDependency section */
	};
	rootObject = 0AB1858C29A6873200BCC57C /* Project object */;
}
